// !$*UTF8*$!
{
	archiveVersion = 1;
	classes = {
	};
	objectVersion = 48;
	objects = {

/* Begin PBXBuildFile section */
		723246DB1FA8F54A00D948D6 /* NumberOfStepsViewController.swift in Sources */ = {isa = PBXBuildFile; fileRef = 723246DA1FA8F54A00D948D6 /* NumberOfStepsViewController.swift */; };
		723246DD1FAA1CE300D948D6 /* SettingsTableViewController.swift in Sources */ = {isa = PBXBuildFile; fileRef = 723246DC1FAA1CE300D948D6 /* SettingsTableViewController.swift */; };
		723246DF1FAA6F6300D948D6 /* DailyWorkHoursViewController.swift in Sources */ = {isa = PBXBuildFile; fileRef = 723246DE1FAA6F6300D948D6 /* DailyWorkHoursViewController.swift */; };
		723246E11FAB686A00D948D6 /* ReminderIntervalViewController.swift in Sources */ = {isa = PBXBuildFile; fileRef = 723246E01FAB686A00D948D6 /* ReminderIntervalViewController.swift */; };
		7266052A1F901031006A9B85 /* AppDelegate.swift in Sources */ = {isa = PBXBuildFile; fileRef = 726605291F901031006A9B85 /* AppDelegate.swift */; };
		7266052C1F901031006A9B85 /* FirstViewController.swift in Sources */ = {isa = PBXBuildFile; fileRef = 7266052B1F901031006A9B85 /* FirstViewController.swift */; };
		7266052E1F901031006A9B85 /* SecondViewController.swift in Sources */ = {isa = PBXBuildFile; fileRef = 7266052D1F901031006A9B85 /* SecondViewController.swift */; };
		726605311F901031006A9B85 /* Main.storyboard in Resources */ = {isa = PBXBuildFile; fileRef = 7266052F1F901031006A9B85 /* Main.storyboard */; };
		726605331F901031006A9B85 /* Assets.xcassets in Resources */ = {isa = PBXBuildFile; fileRef = 726605321F901031006A9B85 /* Assets.xcassets */; };
		726605361F901031006A9B85 /* LaunchScreen.storyboard in Resources */ = {isa = PBXBuildFile; fileRef = 726605341F901031006A9B85 /* LaunchScreen.storyboard */; };
		726605411F901031006A9B85 /* Office_Walk_ReminderTests.swift in Sources */ = {isa = PBXBuildFile; fileRef = 726605401F901031006A9B85 /* Office_Walk_ReminderTests.swift */; };
		7266054C1F901031006A9B85 /* Office_Walk_ReminderUITests.swift in Sources */ = {isa = PBXBuildFile; fileRef = 7266054B1F901031006A9B85 /* Office_Walk_ReminderUITests.swift */; };
		7266055B1F9011C1006A9B85 /* HealthKit.framework in Frameworks */ = {isa = PBXBuildFile; fileRef = 7266055A1F9011C1006A9B85 /* HealthKit.framework */; };
		726605601F9015CE006A9B85 /* HealthKitManager.swift in Sources */ = {isa = PBXBuildFile; fileRef = 7266055F1F9015CE006A9B85 /* HealthKitManager.swift */; };
		726605621F97A213006A9B85 /* CoreMotionManager.swift in Sources */ = {isa = PBXBuildFile; fileRef = 726605611F97A213006A9B85 /* CoreMotionManager.swift */; };
/* End PBXBuildFile section */

/* Begin PBXContainerItemProxy section */
		7266053D1F901031006A9B85 /* PBXContainerItemProxy */ = {
			isa = PBXContainerItemProxy;
			containerPortal = 7266051E1F901030006A9B85 /* Project object */;
			proxyType = 1;
			remoteGlobalIDString = 726605251F901030006A9B85;
			remoteInfo = "Office Walk Reminder";
		};
		726605481F901031006A9B85 /* PBXContainerItemProxy */ = {
			isa = PBXContainerItemProxy;
			containerPortal = 7266051E1F901030006A9B85 /* Project object */;
			proxyType = 1;
			remoteGlobalIDString = 726605251F901030006A9B85;
			remoteInfo = "Office Walk Reminder";
		};
/* End PBXContainerItemProxy section */

/* Begin PBXFileReference section */
		723246DA1FA8F54A00D948D6 /* NumberOfStepsViewController.swift */ = {isa = PBXFileReference; lastKnownFileType = sourcecode.swift; path = NumberOfStepsViewController.swift; sourceTree = "<group>"; };
		723246DC1FAA1CE300D948D6 /* SettingsTableViewController.swift */ = {isa = PBXFileReference; lastKnownFileType = sourcecode.swift; path = SettingsTableViewController.swift; sourceTree = "<group>"; };
		723246DE1FAA6F6300D948D6 /* DailyWorkHoursViewController.swift */ = {isa = PBXFileReference; lastKnownFileType = sourcecode.swift; path = DailyWorkHoursViewController.swift; sourceTree = "<group>"; };
		723246E01FAB686A00D948D6 /* ReminderIntervalViewController.swift */ = {isa = PBXFileReference; lastKnownFileType = sourcecode.swift; path = ReminderIntervalViewController.swift; sourceTree = "<group>"; };
		726605261F901030006A9B85 /* Office Walk Reminder.app */ = {isa = PBXFileReference; explicitFileType = wrapper.application; includeInIndex = 0; path = "Office Walk Reminder.app"; sourceTree = BUILT_PRODUCTS_DIR; };
		726605291F901031006A9B85 /* AppDelegate.swift */ = {isa = PBXFileReference; lastKnownFileType = sourcecode.swift; path = AppDelegate.swift; sourceTree = "<group>"; };
		7266052B1F901031006A9B85 /* FirstViewController.swift */ = {isa = PBXFileReference; lastKnownFileType = sourcecode.swift; path = FirstViewController.swift; sourceTree = "<group>"; };
		7266052D1F901031006A9B85 /* SecondViewController.swift */ = {isa = PBXFileReference; lastKnownFileType = sourcecode.swift; path = SecondViewController.swift; sourceTree = "<group>"; };
		726605301F901031006A9B85 /* Base */ = {isa = PBXFileReference; lastKnownFileType = file.storyboard; name = Base; path = Base.lproj/Main.storyboard; sourceTree = "<group>"; };
		726605321F901031006A9B85 /* Assets.xcassets */ = {isa = PBXFileReference; lastKnownFileType = folder.assetcatalog; path = Assets.xcassets; sourceTree = "<group>"; };
		726605351F901031006A9B85 /* Base */ = {isa = PBXFileReference; lastKnownFileType = file.storyboard; name = Base; path = Base.lproj/LaunchScreen.storyboard; sourceTree = "<group>"; };
		726605371F901031006A9B85 /* Info.plist */ = {isa = PBXFileReference; lastKnownFileType = text.plist.xml; path = Info.plist; sourceTree = "<group>"; };
		7266053C1F901031006A9B85 /* Office Walk ReminderTests.xctest */ = {isa = PBXFileReference; explicitFileType = wrapper.cfbundle; includeInIndex = 0; path = "Office Walk ReminderTests.xctest"; sourceTree = BUILT_PRODUCTS_DIR; };
		726605401F901031006A9B85 /* Office_Walk_ReminderTests.swift */ = {isa = PBXFileReference; lastKnownFileType = sourcecode.swift; path = Office_Walk_ReminderTests.swift; sourceTree = "<group>"; };
		726605421F901031006A9B85 /* Info.plist */ = {isa = PBXFileReference; lastKnownFileType = text.plist.xml; path = Info.plist; sourceTree = "<group>"; };
		726605471F901031006A9B85 /* Office Walk ReminderUITests.xctest */ = {isa = PBXFileReference; explicitFileType = wrapper.cfbundle; includeInIndex = 0; path = "Office Walk ReminderUITests.xctest"; sourceTree = BUILT_PRODUCTS_DIR; };
		7266054B1F901031006A9B85 /* Office_Walk_ReminderUITests.swift */ = {isa = PBXFileReference; lastKnownFileType = sourcecode.swift; path = Office_Walk_ReminderUITests.swift; sourceTree = "<group>"; };
		7266054D1F901031006A9B85 /* Info.plist */ = {isa = PBXFileReference; lastKnownFileType = text.plist.xml; path = Info.plist; sourceTree = "<group>"; };
		7266055A1F9011C1006A9B85 /* HealthKit.framework */ = {isa = PBXFileReference; lastKnownFileType = wrapper.framework; name = HealthKit.framework; path = System/Library/Frameworks/HealthKit.framework; sourceTree = SDKROOT; };
		7266055C1F9011C1006A9B85 /* Office Walk Reminder.entitlements */ = {isa = PBXFileReference; lastKnownFileType = text.plist.entitlements; path = "Office Walk Reminder.entitlements"; sourceTree = "<group>"; };
		7266055F1F9015CE006A9B85 /* HealthKitManager.swift */ = {isa = PBXFileReference; lastKnownFileType = sourcecode.swift; path = HealthKitManager.swift; sourceTree = "<group>"; };
		726605611F97A213006A9B85 /* CoreMotionManager.swift */ = {isa = PBXFileReference; lastKnownFileType = sourcecode.swift; path = CoreMotionManager.swift; sourceTree = "<group>"; };
/* End PBXFileReference section */

/* Begin PBXFrameworksBuildPhase section */
		726605231F901030006A9B85 /* Frameworks */ = {
			isa = PBXFrameworksBuildPhase;
			buildActionMask = 2147483647;
			files = (
				7266055B1F9011C1006A9B85 /* HealthKit.framework in Frameworks */,
			);
			runOnlyForDeploymentPostprocessing = 0;
		};
		726605391F901031006A9B85 /* Frameworks */ = {
			isa = PBXFrameworksBuildPhase;
			buildActionMask = 2147483647;
			files = (
			);
			runOnlyForDeploymentPostprocessing = 0;
		};
		726605441F901031006A9B85 /* Frameworks */ = {
			isa = PBXFrameworksBuildPhase;
			buildActionMask = 2147483647;
			files = (
			);
			runOnlyForDeploymentPostprocessing = 0;
		};
/* End PBXFrameworksBuildPhase section */

/* Begin PBXGroup section */
		7266051D1F901030006A9B85 = {
			isa = PBXGroup;
			children = (
				726605281F901030006A9B85 /* Office Walk Reminder */,
				7266053F1F901031006A9B85 /* Office Walk ReminderTests */,
				7266054A1F901031006A9B85 /* Office Walk ReminderUITests */,
				726605271F901030006A9B85 /* Products */,
				726605591F9011C1006A9B85 /* Frameworks */,
			);
			sourceTree = "<group>";
		};
		726605271F901030006A9B85 /* Products */ = {
			isa = PBXGroup;
			children = (
				726605261F901030006A9B85 /* Office Walk Reminder.app */,
				7266053C1F901031006A9B85 /* Office Walk ReminderTests.xctest */,
				726605471F901031006A9B85 /* Office Walk ReminderUITests.xctest */,
			);
			name = Products;
			sourceTree = "<group>";
		};
		726605281F901030006A9B85 /* Office Walk Reminder */ = {
			isa = PBXGroup;
			children = (
				7266055C1F9011C1006A9B85 /* Office Walk Reminder.entitlements */,
				726605291F901031006A9B85 /* AppDelegate.swift */,
				7266052B1F901031006A9B85 /* FirstViewController.swift */,
				723246DA1FA8F54A00D948D6 /* NumberOfStepsViewController.swift */,
				7266052D1F901031006A9B85 /* SecondViewController.swift */,
				7266052F1F901031006A9B85 /* Main.storyboard */,
				723246DE1FAA6F6300D948D6 /* DailyWorkHoursViewController.swift */,
				723246DC1FAA1CE300D948D6 /* SettingsTableViewController.swift */,
				726605321F901031006A9B85 /* Assets.xcassets */,
				726605341F901031006A9B85 /* LaunchScreen.storyboard */,
				726605371F901031006A9B85 /* Info.plist */,
				7266055F1F9015CE006A9B85 /* HealthKitManager.swift */,
				726605611F97A213006A9B85 /* CoreMotionManager.swift */,
				723246E01FAB686A00D948D6 /* ReminderIntervalViewController.swift */,
			);
			path = "Office Walk Reminder";
			sourceTree = "<group>";
		};
		7266053F1F901031006A9B85 /* Office Walk ReminderTests */ = {
			isa = PBXGroup;
			children = (
				726605401F901031006A9B85 /* Office_Walk_ReminderTests.swift */,
				726605421F901031006A9B85 /* Info.plist */,
			);
			path = "Office Walk ReminderTests";
			sourceTree = "<group>";
		};
		7266054A1F901031006A9B85 /* Office Walk ReminderUITests */ = {
			isa = PBXGroup;
			children = (
				7266054B1F901031006A9B85 /* Office_Walk_ReminderUITests.swift */,
				7266054D1F901031006A9B85 /* Info.plist */,
			);
			path = "Office Walk ReminderUITests";
			sourceTree = "<group>";
		};
		726605591F9011C1006A9B85 /* Frameworks */ = {
			isa = PBXGroup;
			children = (
				7266055A1F9011C1006A9B85 /* HealthKit.framework */,
			);
			name = Frameworks;
			sourceTree = "<group>";
		};
/* End PBXGroup section */

/* Begin PBXNativeTarget section */
		726605251F901030006A9B85 /* Office Walk Reminder */ = {
			isa = PBXNativeTarget;
			buildConfigurationList = 726605501F901031006A9B85 /* Build configuration list for PBXNativeTarget "Office Walk Reminder" */;
			buildPhases = (
				726605221F901030006A9B85 /* Sources */,
				726605231F901030006A9B85 /* Frameworks */,
				726605241F901030006A9B85 /* Resources */,
			);
			buildRules = (
			);
			dependencies = (
			);
			name = "Office Walk Reminder";
			productName = "Office Walk Reminder";
			productReference = 726605261F901030006A9B85 /* Office Walk Reminder.app */;
			productType = "com.apple.product-type.application";
		};
		7266053B1F901031006A9B85 /* Office Walk ReminderTests */ = {
			isa = PBXNativeTarget;
			buildConfigurationList = 726605531F901031006A9B85 /* Build configuration list for PBXNativeTarget "Office Walk ReminderTests" */;
			buildPhases = (
				726605381F901031006A9B85 /* Sources */,
				726605391F901031006A9B85 /* Frameworks */,
				7266053A1F901031006A9B85 /* Resources */,
			);
			buildRules = (
			);
			dependencies = (
				7266053E1F901031006A9B85 /* PBXTargetDependency */,
			);
			name = "Office Walk ReminderTests";
			productName = "Office Walk ReminderTests";
			productReference = 7266053C1F901031006A9B85 /* Office Walk ReminderTests.xctest */;
			productType = "com.apple.product-type.bundle.unit-test";
		};
		726605461F901031006A9B85 /* Office Walk ReminderUITests */ = {
			isa = PBXNativeTarget;
			buildConfigurationList = 726605561F901031006A9B85 /* Build configuration list for PBXNativeTarget "Office Walk ReminderUITests" */;
			buildPhases = (
				726605431F901031006A9B85 /* Sources */,
				726605441F901031006A9B85 /* Frameworks */,
				726605451F901031006A9B85 /* Resources */,
			);
			buildRules = (
			);
			dependencies = (
				726605491F901031006A9B85 /* PBXTargetDependency */,
			);
			name = "Office Walk ReminderUITests";
			productName = "Office Walk ReminderUITests";
			productReference = 726605471F901031006A9B85 /* Office Walk ReminderUITests.xctest */;
			productType = "com.apple.product-type.bundle.ui-testing";
		};
/* End PBXNativeTarget section */

/* Begin PBXProject section */
		7266051E1F901030006A9B85 /* Project object */ = {
			isa = PBXProject;
			attributes = {
				LastSwiftUpdateCheck = 0900;
				LastUpgradeCheck = 0900;
				ORGANIZATIONNAME = "Tung Pham";
				TargetAttributes = {
					726605251F901030006A9B85 = {
						CreatedOnToolsVersion = 9.0;
						ProvisioningStyle = Automatic;
						SystemCapabilities = {
							com.apple.BackgroundModes = {
								enabled = 1;
							};
							com.apple.HealthKit = {
								enabled = 1;
							};
						};
					};
					7266053B1F901031006A9B85 = {
						CreatedOnToolsVersion = 9.0;
						ProvisioningStyle = Automatic;
						TestTargetID = 726605251F901030006A9B85;
					};
					726605461F901031006A9B85 = {
						CreatedOnToolsVersion = 9.0;
						ProvisioningStyle = Automatic;
						TestTargetID = 726605251F901030006A9B85;
					};
				};
			};
			buildConfigurationList = 726605211F901030006A9B85 /* Build configuration list for PBXProject "Office Walk Reminder" */;
			compatibilityVersion = "Xcode 8.0";
			developmentRegion = en;
			hasScannedForEncodings = 0;
			knownRegions = (
				en,
				Base,
			);
			mainGroup = 7266051D1F901030006A9B85;
			productRefGroup = 726605271F901030006A9B85 /* Products */;
			projectDirPath = "";
			projectRoot = "";
			targets = (
				726605251F901030006A9B85 /* Office Walk Reminder */,
				7266053B1F901031006A9B85 /* Office Walk ReminderTests */,
				726605461F901031006A9B85 /* Office Walk ReminderUITests */,
			);
		};
/* End PBXProject section */

/* Begin PBXResourcesBuildPhase section */
		726605241F901030006A9B85 /* Resources */ = {
			isa = PBXResourcesBuildPhase;
			buildActionMask = 2147483647;
			files = (
				726605361F901031006A9B85 /* LaunchScreen.storyboard in Resources */,
				726605331F901031006A9B85 /* Assets.xcassets in Resources */,
				726605311F901031006A9B85 /* Main.storyboard in Resources */,
			);
			runOnlyForDeploymentPostprocessing = 0;
		};
		7266053A1F901031006A9B85 /* Resources */ = {
			isa = PBXResourcesBuildPhase;
			buildActionMask = 2147483647;
			files = (
			);
			runOnlyForDeploymentPostprocessing = 0;
		};
		726605451F901031006A9B85 /* Resources */ = {
			isa = PBXResourcesBuildPhase;
			buildActionMask = 2147483647;
			files = (
			);
			runOnlyForDeploymentPostprocessing = 0;
		};
/* End PBXResourcesBuildPhase section */

/* Begin PBXSourcesBuildPhase section */
		726605221F901030006A9B85 /* Sources */ = {
			isa = PBXSourcesBuildPhase;
			buildActionMask = 2147483647;
			files = (
				7266052E1F901031006A9B85 /* SecondViewController.swift in Sources */,
				726605621F97A213006A9B85 /* CoreMotionManager.swift in Sources */,
				723246E11FAB686A00D948D6 /* ReminderIntervalViewController.swift in Sources */,
				7266052A1F901031006A9B85 /* AppDelegate.swift in Sources */,
				723246DF1FAA6F6300D948D6 /* DailyWorkHoursViewController.swift in Sources */,
				726605601F9015CE006A9B85 /* HealthKitManager.swift in Sources */,
				723246DB1FA8F54A00D948D6 /* NumberOfStepsViewController.swift in Sources */,
				7266052C1F901031006A9B85 /* FirstViewController.swift in Sources */,
				723246DD1FAA1CE300D948D6 /* SettingsTableViewController.swift in Sources */,
			);
			runOnlyForDeploymentPostprocessing = 0;
		};
		726605381F901031006A9B85 /* Sources */ = {
			isa = PBXSourcesBuildPhase;
			buildActionMask = 2147483647;
			files = (
				726605411F901031006A9B85 /* Office_Walk_ReminderTests.swift in Sources */,
			);
			runOnlyForDeploymentPostprocessing = 0;
		};
		726605431F901031006A9B85 /* Sources */ = {
			isa = PBXSourcesBuildPhase;
			buildActionMask = 2147483647;
			files = (
				7266054C1F901031006A9B85 /* Office_Walk_ReminderUITests.swift in Sources */,
			);
			runOnlyForDeploymentPostprocessing = 0;
		};
/* End PBXSourcesBuildPhase section */

/* Begin PBXTargetDependency section */
		7266053E1F901031006A9B85 /* PBXTargetDependency */ = {
			isa = PBXTargetDependency;
			target = 726605251F901030006A9B85 /* Office Walk Reminder */;
			targetProxy = 7266053D1F901031006A9B85 /* PBXContainerItemProxy */;
		};
		726605491F901031006A9B85 /* PBXTargetDependency */ = {
			isa = PBXTargetDependency;
			target = 726605251F901030006A9B85 /* Office Walk Reminder */;
			targetProxy = 726605481F901031006A9B85 /* PBXContainerItemProxy */;
		};
/* End PBXTargetDependency section */

/* Begin PBXVariantGroup section */
		7266052F1F901031006A9B85 /* Main.storyboard */ = {
			isa = PBXVariantGroup;
			children = (
				726605301F901031006A9B85 /* Base */,
			);
			name = Main.storyboard;
			sourceTree = "<group>";
		};
		726605341F901031006A9B85 /* LaunchScreen.storyboard */ = {
			isa = PBXVariantGroup;
			children = (
				726605351F901031006A9B85 /* Base */,
			);
			name = LaunchScreen.storyboard;
			sourceTree = "<group>";
		};
/* End PBXVariantGroup section */

/* Begin XCBuildConfiguration section */
		7266054E1F901031006A9B85 /* Debug */ = {
			isa = XCBuildConfiguration;
			buildSettings = {
				ALWAYS_SEARCH_USER_PATHS = NO;
				CLANG_ANALYZER_NONNULL = YES;
				CLANG_ANALYZER_NUMBER_OBJECT_CONVERSION = YES_AGGRESSIVE;
				CLANG_CXX_LANGUAGE_STANDARD = "gnu++14";
				CLANG_CXX_LIBRARY = "libc++";
				CLANG_ENABLE_MODULES = YES;
				CLANG_ENABLE_OBJC_ARC = YES;
				CLANG_WARN_BLOCK_CAPTURE_AUTORELEASING = YES;
				CLANG_WARN_BOOL_CONVERSION = YES;
				CLANG_WARN_COMMA = YES;
				CLANG_WARN_CONSTANT_CONVERSION = YES;
				CLANG_WARN_DIRECT_OBJC_ISA_USAGE = YES_ERROR;
				CLANG_WARN_DOCUMENTATION_COMMENTS = YES;
				CLANG_WARN_EMPTY_BODY = YES;
				CLANG_WARN_ENUM_CONVERSION = YES;
				CLANG_WARN_INFINITE_RECURSION = YES;
				CLANG_WARN_INT_CONVERSION = YES;
				CLANG_WARN_NON_LITERAL_NULL_CONVERSION = YES;
				CLANG_WARN_OBJC_LITERAL_CONVERSION = YES;
				CLANG_WARN_OBJC_ROOT_CLASS = YES_ERROR;
				CLANG_WARN_RANGE_LOOP_ANALYSIS = YES;
				CLANG_WARN_STRICT_PROTOTYPES = YES;
				CLANG_WARN_SUSPICIOUS_MOVE = YES;
				CLANG_WARN_UNGUARDED_AVAILABILITY = YES_AGGRESSIVE;
				CLANG_WARN_UNREACHABLE_CODE = YES;
				CLANG_WARN__DUPLICATE_METHOD_MATCH = YES;
				CODE_SIGN_IDENTITY = "iPhone Developer";
				COPY_PHASE_STRIP = NO;
				DEBUG_INFORMATION_FORMAT = dwarf;
				ENABLE_STRICT_OBJC_MSGSEND = YES;
				ENABLE_TESTABILITY = YES;
				GCC_C_LANGUAGE_STANDARD = gnu11;
				GCC_DYNAMIC_NO_PIC = NO;
				GCC_NO_COMMON_BLOCKS = YES;
				GCC_OPTIMIZATION_LEVEL = 0;
				GCC_PREPROCESSOR_DEFINITIONS = (
					"DEBUG=1",
					"$(inherited)",
				);
				GCC_WARN_64_TO_32_BIT_CONVERSION = YES;
				GCC_WARN_ABOUT_RETURN_TYPE = YES_ERROR;
				GCC_WARN_UNDECLARED_SELECTOR = YES;
				GCC_WARN_UNINITIALIZED_AUTOS = YES_AGGRESSIVE;
				GCC_WARN_UNUSED_FUNCTION = YES;
				GCC_WARN_UNUSED_VARIABLE = YES;
				IPHONEOS_DEPLOYMENT_TARGET = 11.0;
				MTL_ENABLE_DEBUG_INFO = YES;
				ONLY_ACTIVE_ARCH = YES;
				SDKROOT = iphoneos;
				SWIFT_ACTIVE_COMPILATION_CONDITIONS = DEBUG;
				SWIFT_OPTIMIZATION_LEVEL = "-Onone";
			};
			name = Debug;
		};
		7266054F1F901031006A9B85 /* Release */ = {
			isa = XCBuildConfiguration;
			buildSettings = {
				ALWAYS_SEARCH_USER_PATHS = NO;
				CLANG_ANALYZER_NONNULL = YES;
				CLANG_ANALYZER_NUMBER_OBJECT_CONVERSION = YES_AGGRESSIVE;
				CLANG_CXX_LANGUAGE_STANDARD = "gnu++14";
				CLANG_CXX_LIBRARY = "libc++";
				CLANG_ENABLE_MODULES = YES;
				CLANG_ENABLE_OBJC_ARC = YES;
				CLANG_WARN_BLOCK_CAPTURE_AUTORELEASING = YES;
				CLANG_WARN_BOOL_CONVERSION = YES;
				CLANG_WARN_COMMA = YES;
				CLANG_WARN_CONSTANT_CONVERSION = YES;
				CLANG_WARN_DIRECT_OBJC_ISA_USAGE = YES_ERROR;
				CLANG_WARN_DOCUMENTATION_COMMENTS = YES;
				CLANG_WARN_EMPTY_BODY = YES;
				CLANG_WARN_ENUM_CONVERSION = YES;
				CLANG_WARN_INFINITE_RECURSION = YES;
				CLANG_WARN_INT_CONVERSION = YES;
				CLANG_WARN_NON_LITERAL_NULL_CONVERSION = YES;
				CLANG_WARN_OBJC_LITERAL_CONVERSION = YES;
				CLANG_WARN_OBJC_ROOT_CLASS = YES_ERROR;
				CLANG_WARN_RANGE_LOOP_ANALYSIS = YES;
				CLANG_WARN_STRICT_PROTOTYPES = YES;
				CLANG_WARN_SUSPICIOUS_MOVE = YES;
				CLANG_WARN_UNGUARDED_AVAILABILITY = YES_AGGRESSIVE;
				CLANG_WARN_UNREACHABLE_CODE = YES;
				CLANG_WARN__DUPLICATE_METHOD_MATCH = YES;
				CODE_SIGN_IDENTITY = "iPhone Developer";
				COPY_PHASE_STRIP = NO;
				DEBUG_INFORMATION_FORMAT = "dwarf-with-dsym";
				ENABLE_NS_ASSERTIONS = NO;
				ENABLE_STRICT_OBJC_MSGSEND = YES;
				GCC_C_LANGUAGE_STANDARD = gnu11;
				GCC_NO_COMMON_BLOCKS = YES;
				GCC_WARN_64_TO_32_BIT_CONVERSION = YES;
				GCC_WARN_ABOUT_RETURN_TYPE = YES_ERROR;
				GCC_WARN_UNDECLARED_SELECTOR = YES;
				GCC_WARN_UNINITIALIZED_AUTOS = YES_AGGRESSIVE;
				GCC_WARN_UNUSED_FUNCTION = YES;
				GCC_WARN_UNUSED_VARIABLE = YES;
				IPHONEOS_DEPLOYMENT_TARGET = 11.0;
				MTL_ENABLE_DEBUG_INFO = NO;
				SDKROOT = iphoneos;
				SWIFT_OPTIMIZATION_LEVEL = "-Owholemodule";
				VALIDATE_PRODUCT = YES;
			};
			name = Release;
		};
		726605511F901031006A9B85 /* Debug */ = {
			isa = XCBuildConfiguration;
			buildSettings = {
				ASSETCATALOG_COMPILER_APPICON_NAME = AppIcon;
				CODE_SIGN_ENTITLEMENTS = "Office Walk Reminder/Office Walk Reminder.entitlements";
				CODE_SIGN_STYLE = Automatic;
				DEVELOPMENT_TEAM = X3VJQ26926;
				INFOPLIST_FILE = "Office Walk Reminder/Info.plist";
				LD_RUNPATH_SEARCH_PATHS = "$(inherited) @executable_path/Frameworks";
				PRODUCT_BUNDLE_IDENTIFIER = "tungpham20.com.Office-Walk-Reminder";
				PRODUCT_NAME = "$(TARGET_NAME)";
				SWIFT_VERSION = 4.0;
				TARGETED_DEVICE_FAMILY = "1,2";
			};
			name = Debug;
		};
		726605521F901031006A9B85 /* Release */ = {
			isa = XCBuildConfiguration;
			buildSettings = {
				ASSETCATALOG_COMPILER_APPICON_NAME = AppIcon;
				CODE_SIGN_ENTITLEMENTS = "Office Walk Reminder/Office Walk Reminder.entitlements";
				CODE_SIGN_STYLE = Automatic;
				DEVELOPMENT_TEAM = X3VJQ26926;
				INFOPLIST_FILE = "Office Walk Reminder/Info.plist";
				LD_RUNPATH_SEARCH_PATHS = "$(inherited) @executable_path/Frameworks";
				PRODUCT_BUNDLE_IDENTIFIER = "tungpham20.com.Office-Walk-Reminder";
				PRODUCT_NAME = "$(TARGET_NAME)";
				SWIFT_VERSION = 4.0;
				TARGETED_DEVICE_FAMILY = "1,2";
			};
			name = Release;
		};
		726605541F901031006A9B85 /* Debug */ = {
			isa = XCBuildConfiguration;
			buildSettings = {
				ALWAYS_EMBED_SWIFT_STANDARD_LIBRARIES = YES;
				BUNDLE_LOADER = "$(TEST_HOST)";
				CODE_SIGN_STYLE = Automatic;
				DEVELOPMENT_TEAM = X3VJQ26926;
				INFOPLIST_FILE = "Office Walk ReminderTests/Info.plist";
				LD_RUNPATH_SEARCH_PATHS = "$(inherited) @executable_path/Frameworks @loader_path/Frameworks";
				PRODUCT_BUNDLE_IDENTIFIER = "tungpham20.com.Office-Walk-ReminderTests";
				PRODUCT_NAME = "$(TARGET_NAME)";
				SWIFT_VERSION = 4.0;
				TARGETED_DEVICE_FAMILY = "1,2";
				TEST_HOST = "$(BUILT_PRODUCTS_DIR)/Office Walk Reminder.app/Office Walk Reminder";
			};
			name = Debug;
		};
		726605551F901031006A9B85 /* Release */ = {
			isa = XCBuildConfiguration;
			buildSettings = {
				ALWAYS_EMBED_SWIFT_STANDARD_LIBRARIES = YES;
				BUNDLE_LOADER = "$(TEST_HOST)";
				CODE_SIGN_STYLE = Automatic;
				DEVELOPMENT_TEAM = X3VJQ26926;
				INFOPLIST_FILE = "Office Walk ReminderTests/Info.plist";
				LD_RUNPATH_SEARCH_PATHS = "$(inherited) @executable_path/Frameworks @loader_path/Frameworks";
				PRODUCT_BUNDLE_IDENTIFIER = "tungpham20.com.Office-Walk-ReminderTests";
				PRODUCT_NAME = "$(TARGET_NAME)";
				SWIFT_VERSION = 4.0;
				TARGETED_DEVICE_FAMILY = "1,2";
				TEST_HOST = "$(BUILT_PRODUCTS_DIR)/Office Walk Reminder.app/Office Walk Reminder";
			};
			name = Release;
		};
		726605571F901031006A9B85 /* Debug */ = {
			isa = XCBuildConfiguration;
			buildSettings = {
				ALWAYS_EMBED_SWIFT_STANDARD_LIBRARIES = YES;
				CODE_SIGN_STYLE = Automatic;
				DEVELOPMENT_TEAM = X3VJQ26926;
				INFOPLIST_FILE = "Office Walk ReminderUITests/Info.plist";
				LD_RUNPATH_SEARCH_PATHS = "$(inherited) @executable_path/Frameworks @loader_path/Frameworks";
				PRODUCT_BUNDLE_IDENTIFIER = "tungpham20.com.Office-Walk-ReminderUITests";
				PRODUCT_NAME = "$(TARGET_NAME)";
				SWIFT_VERSION = 4.0;
				TARGETED_DEVICE_FAMILY = "1,2";
				TEST_TARGET_NAME = "Office Walk Reminder";
			};
			name = Debug;
		};
		726605581F901031006A9B85 /* Release */ = {
			isa = XCBuildConfiguration;
			buildSettings = {
				ALWAYS_EMBED_SWIFT_STANDARD_LIBRARIES = YES;
				CODE_SIGN_STYLE = Automatic;
				DEVELOPMENT_TEAM = X3VJQ26926;
				INFOPLIST_FILE = "Office Walk ReminderUITests/Info.plist";
				LD_RUNPATH_SEARCH_PATHS = "$(inherited) @executable_path/Frameworks @loader_path/Frameworks";
				PRODUCT_BUNDLE_IDENTIFIER = "tungpham20.com.Office-Walk-ReminderUITests";
				PRODUCT_NAME = "$(TARGET_NAME)";
				SWIFT_VERSION = 4.0;
				TARGETED_DEVICE_FAMILY = "1,2";
				TEST_TARGET_NAME = "Office Walk Reminder";
			};
			name = Release;
		};
/* End XCBuildConfiguration section */

/* Begin XCConfigurationList section */
		726605211F901030006A9B85 /* Build configuration list for PBXProject "Office Walk Reminder" */ = {
			isa = XCConfigurationList;
			buildConfigurations = (
				7266054E1F901031006A9B85 /* Debug */,
				7266054F1F901031006A9B85 /* Release */,
			);
			defaultConfigurationIsVisible = 0;
			defaultConfigurationName = Release;
		};
		726605501F901031006A9B85 /* Build configuration list for PBXNativeTarget "Office Walk Reminder" */ = {
			isa = XCConfigurationList;
			buildConfigurations = (
				726605511F901031006A9B85 /* Debug */,
				726605521F901031006A9B85 /* Release */,
			);
			defaultConfigurationIsVisible = 0;
			defaultConfigurationName = Release;
		};
		726605531F901031006A9B85 /* Build configuration list for PBXNativeTarget "Office Walk ReminderTests" */ = {
			isa = XCConfigurationList;
			buildConfigurations = (
				726605541F901031006A9B85 /* Debug */,
				726605551F901031006A9B85 /* Release */,
			);
			defaultConfigurationIsVisible = 0;
			defaultConfigurationName = Release;
		};
		726605561F901031006A9B85 /* Build configuration list for PBXNativeTarget "Office Walk ReminderUITests" */ = {
			isa = XCConfigurationList;
			buildConfigurations = (
				726605571F901031006A9B85 /* Debug */,
				726605581F901031006A9B85 /* Release */,
			);
			defaultConfigurationIsVisible = 0;
			defaultConfigurationName = Release;
		};
/* End XCConfigurationList section */
	};
	rootObject = 7266051E1F901030006A9B85 /* Project object */;
}
